// !$*UTF8*$!
{
	archiveVersion = 1;
	classes = {
	};
	objectVersion = 50;
	objects = {

/* Begin PBXBuildFile section */
		8837AD622378279400A690F5 /* AppDelegate.swift in Sources */ = {isa = PBXBuildFile; fileRef = 8837AD612378279400A690F5 /* AppDelegate.swift */; };
		8837AD662378279400A690F5 /* MainViewController.swift in Sources */ = {isa = PBXBuildFile; fileRef = 8837AD652378279400A690F5 /* MainViewController.swift */; };
		8837AD692378279400A690F5 /* Main.storyboard in Resources */ = {isa = PBXBuildFile; fileRef = 8837AD672378279400A690F5 /* Main.storyboard */; };
		8837AD6B2378279600A690F5 /* Assets.xcassets in Resources */ = {isa = PBXBuildFile; fileRef = 8837AD6A2378279600A690F5 /* Assets.xcassets */; };
		8837AD6E2378279600A690F5 /* LaunchScreen.storyboard in Resources */ = {isa = PBXBuildFile; fileRef = 8837AD6C2378279600A690F5 /* LaunchScreen.storyboard */; };
		8837AD762378288000A690F5 /* SceneDelegate.swift in Sources */ = {isa = PBXBuildFile; fileRef = 8837AD752378288000A690F5 /* SceneDelegate.swift */; };
		8837AD8823782C9400A690F5 /* BaseVC.swift in Sources */ = {isa = PBXBuildFile; fileRef = 8837AD8723782C9400A690F5 /* BaseVC.swift */; };
		8837AD8D23782E1200A690F5 /* WifiManager.swift in Sources */ = {isa = PBXBuildFile; fileRef = 8837AD8C23782E1200A690F5 /* WifiManager.swift */; };
		8837AD8F23782E2D00A690F5 /* LocationManager.swift in Sources */ = {isa = PBXBuildFile; fileRef = 8837AD8E23782E2D00A690F5 /* LocationManager.swift */; };
		8837AD9423782F9400A690F5 /* ExternalAccessory.framework in Frameworks */ = {isa = PBXBuildFile; fileRef = 8837AD9323782F9400A690F5 /* ExternalAccessory.framework */; };
		8837AD96237832EF00A690F5 /* GeofenceZone.swift in Sources */ = {isa = PBXBuildFile; fileRef = 8837AD95237832EF00A690F5 /* GeofenceZone.swift */; };
		8837AD9A2378484B00A690F5 /* WifiInfo.swift in Sources */ = {isa = PBXBuildFile; fileRef = 8837AD992378484B00A690F5 /* WifiInfo.swift */; };
		8837ADA323788CB100A690F5 /* Reachability.swift in Sources */ = {isa = PBXBuildFile; fileRef = 8837ADA123788CB100A690F5 /* Reachability.swift */; };
/* End PBXBuildFile section */

/* Begin PBXFileReference section */
		8837AD5E2378279400A690F5 /* GeoFencing.app */ = {isa = PBXFileReference; explicitFileType = wrapper.application; includeInIndex = 0; path = GeoFencing.app; sourceTree = BUILT_PRODUCTS_DIR; };
		8837AD612378279400A690F5 /* AppDelegate.swift */ = {isa = PBXFileReference; lastKnownFileType = sourcecode.swift; path = AppDelegate.swift; sourceTree = "<group>"; };
		8837AD652378279400A690F5 /* MainViewController.swift */ = {isa = PBXFileReference; lastKnownFileType = sourcecode.swift; path = MainViewController.swift; sourceTree = "<group>"; };
		8837AD682378279400A690F5 /* Base */ = {isa = PBXFileReference; lastKnownFileType = file.storyboard; name = Base; path = Base.lproj/Main.storyboard; sourceTree = "<group>"; };
		8837AD6A2378279600A690F5 /* Assets.xcassets */ = {isa = PBXFileReference; lastKnownFileType = folder.assetcatalog; path = Assets.xcassets; sourceTree = "<group>"; };
		8837AD6D2378279600A690F5 /* Base */ = {isa = PBXFileReference; lastKnownFileType = file.storyboard; name = Base; path = Base.lproj/LaunchScreen.storyboard; sourceTree = "<group>"; };
		8837AD6F2378279600A690F5 /* Info.plist */ = {isa = PBXFileReference; lastKnownFileType = text.plist.xml; path = Info.plist; sourceTree = "<group>"; };
		8837AD752378288000A690F5 /* SceneDelegate.swift */ = {isa = PBXFileReference; fileEncoding = 4; lastKnownFileType = sourcecode.swift; path = SceneDelegate.swift; sourceTree = "<group>"; };
		8837AD8723782C9400A690F5 /* BaseVC.swift */ = {isa = PBXFileReference; lastKnownFileType = sourcecode.swift; path = BaseVC.swift; sourceTree = "<group>"; };
		8837AD8C23782E1200A690F5 /* WifiManager.swift */ = {isa = PBXFileReference; lastKnownFileType = sourcecode.swift; path = WifiManager.swift; sourceTree = "<group>"; };
		8837AD8E23782E2D00A690F5 /* LocationManager.swift */ = {isa = PBXFileReference; lastKnownFileType = sourcecode.swift; path = LocationManager.swift; sourceTree = "<group>"; };
		8837AD9123782F9400A690F5 /* GeoFencing.entitlements */ = {isa = PBXFileReference; lastKnownFileType = text.plist.entitlements; path = GeoFencing.entitlements; sourceTree = "<group>"; };
		8837AD9323782F9400A690F5 /* ExternalAccessory.framework */ = {isa = PBXFileReference; lastKnownFileType = wrapper.framework; name = ExternalAccessory.framework; path = System/Library/Frameworks/ExternalAccessory.framework; sourceTree = SDKROOT; };
		8837AD95237832EF00A690F5 /* GeofenceZone.swift */ = {isa = PBXFileReference; lastKnownFileType = sourcecode.swift; path = GeofenceZone.swift; sourceTree = "<group>"; };
		8837AD992378484B00A690F5 /* WifiInfo.swift */ = {isa = PBXFileReference; lastKnownFileType = sourcecode.swift; path = WifiInfo.swift; sourceTree = "<group>"; };
		8837ADA023788CB100A690F5 /* Reachability.h */ = {isa = PBXFileReference; fileEncoding = 4; lastKnownFileType = sourcecode.c.h; path = Reachability.h; sourceTree = "<group>"; };
		8837ADA123788CB100A690F5 /* Reachability.swift */ = {isa = PBXFileReference; fileEncoding = 4; lastKnownFileType = sourcecode.swift; path = Reachability.swift; sourceTree = "<group>"; };
/* End PBXFileReference section */

/* Begin PBXFrameworksBuildPhase section */
		8837AD5B2378279400A690F5 /* Frameworks */ = {
			isa = PBXFrameworksBuildPhase;
			buildActionMask = 2147483647;
			files = (
				8837AD9423782F9400A690F5 /* ExternalAccessory.framework in Frameworks */,
			);
			runOnlyForDeploymentPostprocessing = 0;
		};
/* End PBXFrameworksBuildPhase section */

/* Begin PBXGroup section */
		8837AD552378279400A690F5 = {
			isa = PBXGroup;
			children = (
				8837AD602378279400A690F5 /* GeoFencing */,
				8837AD5F2378279400A690F5 /* Products */,
				8837AD9223782F9400A690F5 /* Frameworks */,
			);
			sourceTree = "<group>";
		};
		8837AD5F2378279400A690F5 /* Products */ = {
			isa = PBXGroup;
			children = (
				8837AD5E2378279400A690F5 /* GeoFencing.app */,
			);
			name = Products;
			sourceTree = "<group>";
		};
		8837AD602378279400A690F5 /* GeoFencing */ = {
			isa = PBXGroup;
			children = (
				8837AD9123782F9400A690F5 /* GeoFencing.entitlements */,
				8837AD7F23782BC600A690F5 /* Configurations */,
				8837AD7723782A5F00A690F5 /* Core Logic */,
				8837AD7B23782B2400A690F5 /* Resources */,
				8837AD7D23782B4F00A690F5 /* Modules */,
				8837AD7C23782B3F00A690F5 /* Application Manager */,
			);
			path = GeoFencing;
			sourceTree = "<group>";
		};
		8837AD7723782A5F00A690F5 /* Core Logic */ = {
			isa = PBXGroup;
			children = (
				8837AD8B23782DBE00A690F5 /* Utilities */,
				8837AD7923782AF500A690F5 /* Base Layers */,
				8837AD7823782ADA00A690F5 /* Managers */,
			);
			path = "Core Logic";
			sourceTree = "<group>";
		};
		8837AD7823782ADA00A690F5 /* Managers */ = {
			isa = PBXGroup;
			children = (
				8837AD8C23782E1200A690F5 /* WifiManager.swift */,
				8837AD8E23782E2D00A690F5 /* LocationManager.swift */,
			);
			path = Managers;
			sourceTree = "<group>";
		};
		8837AD7923782AF500A690F5 /* Base Layers */ = {
			isa = PBXGroup;
			children = (
				8837AD8723782C9400A690F5 /* BaseVC.swift */,
			);
			path = "Base Layers";
			sourceTree = "<group>";
		};
		8837AD7B23782B2400A690F5 /* Resources */ = {
			isa = PBXGroup;
			children = (
				8837AD8523782C3700A690F5 /* Fonts */,
				8837AD8423782C2800A690F5 /* Graphics */,
			);
			path = Resources;
			sourceTree = "<group>";
		};
		8837AD7C23782B3F00A690F5 /* Application Manager */ = {
			isa = PBXGroup;
			children = (
				8837AD612378279400A690F5 /* AppDelegate.swift */,
				8837AD752378288000A690F5 /* SceneDelegate.swift */,
			);
			path = "Application Manager";
			sourceTree = "<group>";
		};
		8837AD7D23782B4F00A690F5 /* Modules */ = {
			isa = PBXGroup;
			children = (
				8837AD8123782BF100A690F5 /* Launch */,
				8837AD7E23782B6C00A690F5 /* Main */,
			);
			path = Modules;
			sourceTree = "<group>";
		};
		8837AD7E23782B6C00A690F5 /* Main */ = {
			isa = PBXGroup;
			children = (
				8837AD9023782E3A00A690F5 /* Models */,
				8837AD8323782C1B00A690F5 /* Controllers */,
				8837AD8223782C1100A690F5 /* Views */,
			);
			path = Main;
			sourceTree = "<group>";
		};
		8837AD7F23782BC600A690F5 /* Configurations */ = {
			isa = PBXGroup;
			children = (
				8837AD8023782BDA00A690F5 /* Plists */,
			);
			path = Configurations;
			sourceTree = "<group>";
		};
		8837AD8023782BDA00A690F5 /* Plists */ = {
			isa = PBXGroup;
			children = (
				8837AD6F2378279600A690F5 /* Info.plist */,
			);
			path = Plists;
			sourceTree = "<group>";
		};
		8837AD8123782BF100A690F5 /* Launch */ = {
			isa = PBXGroup;
			children = (
				8837AD8623782C4B00A690F5 /* Views */,
			);
			path = Launch;
			sourceTree = "<group>";
		};
		8837AD8223782C1100A690F5 /* Views */ = {
			isa = PBXGroup;
			children = (
				8837AD672378279400A690F5 /* Main.storyboard */,
			);
			path = Views;
			sourceTree = "<group>";
		};
		8837AD8323782C1B00A690F5 /* Controllers */ = {
			isa = PBXGroup;
			children = (
				8837AD652378279400A690F5 /* MainViewController.swift */,
			);
			path = Controllers;
			sourceTree = "<group>";
		};
		8837AD8423782C2800A690F5 /* Graphics */ = {
			isa = PBXGroup;
			children = (
				8837AD6A2378279600A690F5 /* Assets.xcassets */,
			);
			path = Graphics;
			sourceTree = "<group>";
		};
		8837AD8523782C3700A690F5 /* Fonts */ = {
			isa = PBXGroup;
			children = (
			);
			path = Fonts;
			sourceTree = "<group>";
		};
		8837AD8623782C4B00A690F5 /* Views */ = {
			isa = PBXGroup;
			children = (
				8837AD6C2378279600A690F5 /* LaunchScreen.storyboard */,
			);
			path = Views;
			sourceTree = "<group>";
		};
		8837AD8B23782DBE00A690F5 /* Utilities */ = {
			isa = PBXGroup;
			children = (
				8837AD9F23788CA300A690F5 /* Reachability */,
			);
			path = Utilities;
			sourceTree = "<group>";
		};
		8837AD9023782E3A00A690F5 /* Models */ = {
			isa = PBXGroup;
			children = (
				8837AD95237832EF00A690F5 /* GeofenceZone.swift */,
				8837AD992378484B00A690F5 /* WifiInfo.swift */,
			);
			path = Models;
			sourceTree = "<group>";
		};
		8837AD9223782F9400A690F5 /* Frameworks */ = {
			isa = PBXGroup;
			children = (
				8837AD9323782F9400A690F5 /* ExternalAccessory.framework */,
			);
			name = Frameworks;
			sourceTree = "<group>";
		};
		8837AD9F23788CA300A690F5 /* Reachability */ = {
			isa = PBXGroup;
			children = (
				8837ADA023788CB100A690F5 /* Reachability.h */,
				8837ADA123788CB100A690F5 /* Reachability.swift */,
			);
			path = Reachability;
			sourceTree = "<group>";
		};
/* End PBXGroup section */

/* Begin PBXNativeTarget section */
		8837AD5D2378279400A690F5 /* GeoFencing */ = {
			isa = PBXNativeTarget;
			buildConfigurationList = 8837AD722378279600A690F5 /* Build configuration list for PBXNativeTarget "GeoFencing" */;
			buildPhases = (
				8837AD5A2378279400A690F5 /* Sources */,
				8837AD5B2378279400A690F5 /* Frameworks */,
				8837AD5C2378279400A690F5 /* Resources */,
			);
			buildRules = (
			);
			dependencies = (
			);
			name = GeoFencing;
			productName = GeoFencing;
			productReference = 8837AD5E2378279400A690F5 /* GeoFencing.app */;
			productType = "com.apple.product-type.application";
		};
/* End PBXNativeTarget section */

/* Begin PBXProject section */
		8837AD562378279400A690F5 /* Project object */ = {
			isa = PBXProject;
			attributes = {
				LastSwiftUpdateCheck = 1100;
				LastUpgradeCheck = 1100;
				ORGANIZATIONNAME = "Systems Limited";
				TargetAttributes = {
					8837AD5D2378279400A690F5 = {
						CreatedOnToolsVersion = 11.0;
					};
				};
			};
			buildConfigurationList = 8837AD592378279400A690F5 /* Build configuration list for PBXProject "GeoFencing" */;
			compatibilityVersion = "Xcode 9.3";
			developmentRegion = en;
			hasScannedForEncodings = 0;
			knownRegions = (
				en,
				Base,
			);
			mainGroup = 8837AD552378279400A690F5;
			productRefGroup = 8837AD5F2378279400A690F5 /* Products */;
			projectDirPath = "";
			projectRoot = "";
			targets = (
				8837AD5D2378279400A690F5 /* GeoFencing */,
			);
		};
/* End PBXProject section */

/* Begin PBXResourcesBuildPhase section */
		8837AD5C2378279400A690F5 /* Resources */ = {
			isa = PBXResourcesBuildPhase;
			buildActionMask = 2147483647;
			files = (
				8837AD6E2378279600A690F5 /* LaunchScreen.storyboard in Resources */,
				8837AD6B2378279600A690F5 /* Assets.xcassets in Resources */,
				8837AD692378279400A690F5 /* Main.storyboard in Resources */,
			);
			runOnlyForDeploymentPostprocessing = 0;
		};
/* End PBXResourcesBuildPhase section */

/* Begin PBXSourcesBuildPhase section */
		8837AD5A2378279400A690F5 /* Sources */ = {
			isa = PBXSourcesBuildPhase;
			buildActionMask = 2147483647;
			files = (
				8837AD9A2378484B00A690F5 /* WifiInfo.swift in Sources */,
				8837AD662378279400A690F5 /* MainViewController.swift in Sources */,
				8837AD622378279400A690F5 /* AppDelegate.swift in Sources */,
				8837AD8F23782E2D00A690F5 /* LocationManager.swift in Sources */,
				8837AD762378288000A690F5 /* SceneDelegate.swift in Sources */,
				8837ADA323788CB100A690F5 /* Reachability.swift in Sources */,
				8837AD96237832EF00A690F5 /* GeofenceZone.swift in Sources */,
				8837AD8823782C9400A690F5 /* BaseVC.swift in Sources */,
				8837AD8D23782E1200A690F5 /* WifiManager.swift in Sources */,
			);
			runOnlyForDeploymentPostprocessing = 0;
		};
/* End PBXSourcesBuildPhase section */

/* Begin PBXVariantGroup section */
		8837AD672378279400A690F5 /* Main.storyboard */ = {
			isa = PBXVariantGroup;
			children = (
				8837AD682378279400A690F5 /* Base */,
			);
			name = Main.storyboard;
			sourceTree = "<group>";
		};
		8837AD6C2378279600A690F5 /* LaunchScreen.storyboard */ = {
			isa = PBXVariantGroup;
			children = (
				8837AD6D2378279600A690F5 /* Base */,
			);
			name = LaunchScreen.storyboard;
			sourceTree = "<group>";
		};
/* End PBXVariantGroup section */

/* Begin XCBuildConfiguration section */
		8837AD702378279600A690F5 /* Debug */ = {
			isa = XCBuildConfiguration;
			buildSettings = {
				ALWAYS_SEARCH_USER_PATHS = NO;
				CLANG_ANALYZER_NONNULL = YES;
				CLANG_ANALYZER_NUMBER_OBJECT_CONVERSION = YES_AGGRESSIVE;
				CLANG_CXX_LANGUAGE_STANDARD = "gnu++14";
				CLANG_CXX_LIBRARY = "libc++";
				CLANG_ENABLE_MODULES = YES;
				CLANG_ENABLE_OBJC_ARC = YES;
				CLANG_ENABLE_OBJC_WEAK = YES;
				CLANG_WARN_BLOCK_CAPTURE_AUTORELEASING = YES;
				CLANG_WARN_BOOL_CONVERSION = YES;
				CLANG_WARN_COMMA = YES;
				CLANG_WARN_CONSTANT_CONVERSION = YES;
				CLANG_WARN_DEPRECATED_OBJC_IMPLEMENTATIONS = YES;
				CLANG_WARN_DIRECT_OBJC_ISA_USAGE = YES_ERROR;
				CLANG_WARN_DOCUMENTATION_COMMENTS = YES;
				CLANG_WARN_EMPTY_BODY = YES;
				CLANG_WARN_ENUM_CONVERSION = YES;
				CLANG_WARN_INFINITE_RECURSION = YES;
				CLANG_WARN_INT_CONVERSION = YES;
				CLANG_WARN_NON_LITERAL_NULL_CONVERSION = YES;
				CLANG_WARN_OBJC_IMPLICIT_RETAIN_SELF = YES;
				CLANG_WARN_OBJC_LITERAL_CONVERSION = YES;
				CLANG_WARN_OBJC_ROOT_CLASS = YES_ERROR;
				CLANG_WARN_RANGE_LOOP_ANALYSIS = YES;
				CLANG_WARN_STRICT_PROTOTYPES = YES;
				CLANG_WARN_SUSPICIOUS_MOVE = YES;
				CLANG_WARN_UNGUARDED_AVAILABILITY = YES_AGGRESSIVE;
				CLANG_WARN_UNREACHABLE_CODE = YES;
				CLANG_WARN__DUPLICATE_METHOD_MATCH = YES;
				COPY_PHASE_STRIP = NO;
				DEBUG_INFORMATION_FORMAT = dwarf;
				ENABLE_STRICT_OBJC_MSGSEND = YES;
				ENABLE_TESTABILITY = YES;
				GCC_C_LANGUAGE_STANDARD = gnu11;
				GCC_DYNAMIC_NO_PIC = NO;
				GCC_NO_COMMON_BLOCKS = YES;
				GCC_OPTIMIZATION_LEVEL = 0;
				GCC_PREPROCESSOR_DEFINITIONS = (
					"DEBUG=1",
					"$(inherited)",
				);
				GCC_WARN_64_TO_32_BIT_CONVERSION = YES;
				GCC_WARN_ABOUT_RETURN_TYPE = YES_ERROR;
				GCC_WARN_UNDECLARED_SELECTOR = YES;
				GCC_WARN_UNINITIALIZED_AUTOS = YES_AGGRESSIVE;
				GCC_WARN_UNUSED_FUNCTION = YES;
				GCC_WARN_UNUSED_VARIABLE = YES;
				IPHONEOS_DEPLOYMENT_TARGET = 13.0;
				MTL_ENABLE_DEBUG_INFO = INCLUDE_SOURCE;
				MTL_FAST_MATH = YES;
				ONLY_ACTIVE_ARCH = YES;
				SDKROOT = iphoneos;
				SWIFT_ACTIVE_COMPILATION_CONDITIONS = DEBUG;
				SWIFT_OPTIMIZATION_LEVEL = "-Onone";
			};
			name = Debug;
		};
		8837AD712378279600A690F5 /* Release */ = {
			isa = XCBuildConfiguration;
			buildSettings = {
				ALWAYS_SEARCH_USER_PATHS = NO;
				CLANG_ANALYZER_NONNULL = YES;
				CLANG_ANALYZER_NUMBER_OBJECT_CONVERSION = YES_AGGRESSIVE;
				CLANG_CXX_LANGUAGE_STANDARD = "gnu++14";
				CLANG_CXX_LIBRARY = "libc++";
				CLANG_ENABLE_MODULES = YES;
				CLANG_ENABLE_OBJC_ARC = YES;
				CLANG_ENABLE_OBJC_WEAK = YES;
				CLANG_WARN_BLOCK_CAPTURE_AUTORELEASING = YES;
				CLANG_WARN_BOOL_CONVERSION = YES;
				CLANG_WARN_COMMA = YES;
				CLANG_WARN_CONSTANT_CONVERSION = YES;
				CLANG_WARN_DEPRECATED_OBJC_IMPLEMENTATIONS = YES;
				CLANG_WARN_DIRECT_OBJC_ISA_USAGE = YES_ERROR;
				CLANG_WARN_DOCUMENTATION_COMMENTS = YES;
				CLANG_WARN_EMPTY_BODY = YES;
				CLANG_WARN_ENUM_CONVERSION = YES;
				CLANG_WARN_INFINITE_RECURSION = YES;
				CLANG_WARN_INT_CONVERSION = YES;
				CLANG_WARN_NON_LITERAL_NULL_CONVERSION = YES;
				CLANG_WARN_OBJC_IMPLICIT_RETAIN_SELF = YES;
				CLANG_WARN_OBJC_LITERAL_CONVERSION = YES;
				CLANG_WARN_OBJC_ROOT_CLASS = YES_ERROR;
				CLANG_WARN_RANGE_LOOP_ANALYSIS = YES;
				CLANG_WARN_STRICT_PROTOTYPES = YES;
				CLANG_WARN_SUSPICIOUS_MOVE = YES;
				CLANG_WARN_UNGUARDED_AVAILABILITY = YES_AGGRESSIVE;
				CLANG_WARN_UNREACHABLE_CODE = YES;
				CLANG_WARN__DUPLICATE_METHOD_MATCH = YES;
				COPY_PHASE_STRIP = NO;
				DEBUG_INFORMATION_FORMAT = "dwarf-with-dsym";
				ENABLE_NS_ASSERTIONS = NO;
				ENABLE_STRICT_OBJC_MSGSEND = YES;
				GCC_C_LANGUAGE_STANDARD = gnu11;
				GCC_NO_COMMON_BLOCKS = YES;
				GCC_WARN_64_TO_32_BIT_CONVERSION = YES;
				GCC_WARN_ABOUT_RETURN_TYPE = YES_ERROR;
				GCC_WARN_UNDECLARED_SELECTOR = YES;
				GCC_WARN_UNINITIALIZED_AUTOS = YES_AGGRESSIVE;
				GCC_WARN_UNUSED_FUNCTION = YES;
				GCC_WARN_UNUSED_VARIABLE = YES;
				IPHONEOS_DEPLOYMENT_TARGET = 13.0;
				MTL_ENABLE_DEBUG_INFO = NO;
				MTL_FAST_MATH = YES;
				SDKROOT = iphoneos;
				SWIFT_COMPILATION_MODE = wholemodule;
				SWIFT_OPTIMIZATION_LEVEL = "-O";
				VALIDATE_PRODUCT = YES;
			};
			name = Release;
		};
		8837AD732378279600A690F5 /* Debug */ = {
			isa = XCBuildConfiguration;
			buildSettings = {
				ASSETCATALOG_COMPILER_APPICON_NAME = AppIcon;
				CODE_SIGN_ENTITLEMENTS = GeoFencing/GeoFencing.entitlements;
				CODE_SIGN_IDENTITY = "Apple Development";
				CODE_SIGN_STYLE = Automatic;
				DEVELOPMENT_TEAM = C383N3HMFY;
				INFOPLIST_FILE = GeoFencing/Configurations/Plists/Info.plist;
				LD_RUNPATH_SEARCH_PATHS = (
					"$(inherited)",
					"@executable_path/Frameworks",
				);
				PRODUCT_BUNDLE_IDENTIFIER = com.app.GeoFencing;
				PRODUCT_NAME = "$(TARGET_NAME)";
				PROVISIONING_PROFILE_SPECIFIER = "";
				SWIFT_VERSION = 5.0;
				TARGETED_DEVICE_FAMILY = "1,2";
			};
			name = Debug;
		};
		8837AD742378279600A690F5 /* Release */ = {
			isa = XCBuildConfiguration;
			buildSettings = {
				ASSETCATALOG_COMPILER_APPICON_NAME = AppIcon;
				CODE_SIGN_ENTITLEMENTS = GeoFencing/GeoFencing.entitlements;
				CODE_SIGN_IDENTITY = "Apple Development";
				CODE_SIGN_STYLE = Automatic;
				DEVELOPMENT_TEAM = C383N3HMFY;
				INFOPLIST_FILE = GeoFencing/Configurations/Plists/Info.plist;
				LD_RUNPATH_SEARCH_PATHS = (
					"$(inherited)",
					"@executable_path/Frameworks",
				);
				PRODUCT_BUNDLE_IDENTIFIER = com.app.GeoFencing;
				PRODUCT_NAME = "$(TARGET_NAME)";
				PROVISIONING_PROFILE_SPECIFIER = "";
				SWIFT_VERSION = 5.0;
				TARGETED_DEVICE_FAMILY = "1,2";
			};
			name = Release;
		};
/* End XCBuildConfiguration section */

/* Begin XCConfigurationList section */
		8837AD592378279400A690F5 /* Build configuration list for PBXProject "GeoFencing" */ = {
			isa = XCConfigurationList;
			buildConfigurations = (
				8837AD702378279600A690F5 /* Debug */,
				8837AD712378279600A690F5 /* Release */,
			);
			defaultConfigurationIsVisible = 0;
			defaultConfigurationName = Release;
		};
		8837AD722378279600A690F5 /* Build configuration list for PBXNativeTarget "GeoFencing" */ = {
			isa = XCConfigurationList;
			buildConfigurations = (
				8837AD732378279600A690F5 /* Debug */,
				8837AD742378279600A690F5 /* Release */,
			);
			defaultConfigurationIsVisible = 0;
			defaultConfigurationName = Release;
		};
/* End XCConfigurationList section */
	};
	rootObject = 8837AD562378279400A690F5 /* Project object */;
}
